// !$*UTF8*$!
{
	archiveVersion = 1;
	classes = {
	};
	objectVersion = 45;
	objects = {

/* Begin PBXBuildFile section */
		5928F90C10F3C5B5004C76C6 /* isightviewer.cpp in Sources */ = {isa = PBXBuildFile; fileRef = 5928F90910F3C5B5004C76C6 /* isightviewer.cpp */; };
		5928F90D10F3C5B5004C76C6 /* livefeed_osx.cpp in Sources */ = {isa = PBXBuildFile; fileRef = 5928F90A10F3C5B5004C76C6 /* livefeed_osx.cpp */; };
		5928F91210F3C604004C76C6 /* GLUT.framework in Frameworks */ = {isa = PBXBuildFile; fileRef = 5928F91110F3C604004C76C6 /* GLUT.framework */; };
		5928F91610F3C614004C76C6 /* OpenGL.framework in Frameworks */ = {isa = PBXBuildFile; fileRef = 5928F91510F3C614004C76C6 /* OpenGL.framework */; };
		5928F91A10F3C62A004C76C6 /* QuickTime.framework in Frameworks */ = {isa = PBXBuildFile; fileRef = 5928F91910F3C62A004C76C6 /* QuickTime.framework */; };
		5928F91E10F3C632004C76C6 /* ApplicationServices.framework in Frameworks */ = {isa = PBXBuildFile; fileRef = 5928F91D10F3C632004C76C6 /* ApplicationServices.framework */; };
		5928F9FE10F3FC88004C76C6 /* opticalflow.cpp in Sources */ = {isa = PBXBuildFile; fileRef = 5928F9FD10F3FC88004C76C6 /* opticalflow.cpp */; };
/* End PBXBuildFile section */

/* Begin PBXCopyFilesBuildPhase section */
		8DD76FAF0486AB0100D96B5E /* CopyFiles */ = {
			isa = PBXCopyFilesBuildPhase;
			buildActionMask = 8;
			dstPath = /usr/share/man/man1/;
			dstSubfolderSpec = 0;
			files = (
			);
			runOnlyForDeploymentPostprocessing = 1;
		};
/* End PBXCopyFilesBuildPhase section */

/* Begin PBXFileReference section */
		5928F90910F3C5B5004C76C6 /* isightviewer.cpp */ = {isa = PBXFileReference; fileEncoding = 4; lastKnownFileType = sourcecode.cpp.cpp; path = isightviewer.cpp; sourceTree = "<group>"; };
		5928F90A10F3C5B5004C76C6 /* livefeed_osx.cpp */ = {isa = PBXFileReference; fileEncoding = 4; lastKnownFileType = sourcecode.cpp.cpp; path = livefeed_osx.cpp; sourceTree = "<group>"; };
		5928F90B10F3C5B5004C76C6 /* livefeed.h */ = {isa = PBXFileReference; fileEncoding = 4; lastKnownFileType = sourcecode.c.h; path = livefeed.h; sourceTree = "<group>"; };
		5928F91110F3C604004C76C6 /* GLUT.framework */ = {isa = PBXFileReference; lastKnownFileType = wrapper.framework; name = GLUT.framework; path = System/Library/Frameworks/GLUT.framework; sourceTree = SDKROOT; };
		5928F91510F3C614004C76C6 /* OpenGL.framework */ = {isa = PBXFileReference; lastKnownFileType = wrapper.framework; name = OpenGL.framework; path = System/Library/Frameworks/OpenGL.framework; sourceTree = SDKROOT; };
		5928F91910F3C62A004C76C6 /* QuickTime.framework */ = {isa = PBXFileReference; lastKnownFileType = wrapper.framework; name = QuickTime.framework; path = System/Library/Frameworks/QuickTime.framework; sourceTree = SDKROOT; };
		5928F91D10F3C632004C76C6 /* ApplicationServices.framework */ = {isa = PBXFileReference; lastKnownFileType = wrapper.framework; name = ApplicationServices.framework; path = System/Library/Frameworks/ApplicationServices.framework; sourceTree = SDKROOT; };
		5928F97310F3D101004C76C6 /* vect.h */ = {isa = PBXFileReference; fileEncoding = 4; lastKnownFileType = sourcecode.c.h; path = vect.h; sourceTree = "<group>"; };
		5928F98A10F3D57B004C76C6 /* bitmap.h */ = {isa = PBXFileReference; fileEncoding = 4; lastKnownFileType = sourcecode.c.h; path = bitmap.h; sourceTree = "<group>"; };
		5928F98B10F3D9E1004C76C6 /* peteutil.h */ = {isa = PBXFileReference; fileEncoding = 4; lastKnownFileType = sourcecode.c.h; path = peteutil.h; sourceTree = "<group>"; };
		5928F9FC10F3FC75004C76C6 /* opticalflow.h */ = {isa = PBXFileReference; fileEncoding = 4; lastKnownFileType = sourcecode.c.h; path = opticalflow.h; sourceTree = "<group>"; };
		5928F9FD10F3FC88004C76C6 /* opticalflow.cpp */ = {isa = PBXFileReference; fileEncoding = 4; lastKnownFileType = sourcecode.cpp.cpp; path = opticalflow.cpp; sourceTree = "<group>"; };
		5928FABE10F7C7C1004C76C6 /* bitmapops.h */ = {isa = PBXFileReference; fileEncoding = 4; lastKnownFileType = sourcecode.c.h; path = bitmapops.h; sourceTree = "<group>"; };
		8DD76FB20486AB0100D96B5E /* isightviewer */ = {isa = PBXFileReference; explicitFileType = "compiled.mach-o.executable"; includeInIndex = 0; path = isightviewer; sourceTree = BUILT_PRODUCTS_DIR; };
/* End PBXFileReference section */

/* Begin PBXFrameworksBuildPhase section */
		8DD76FAD0486AB0100D96B5E /* Frameworks */ = {
			isa = PBXFrameworksBuildPhase;
			buildActionMask = 2147483647;
			files = (
				5928F91210F3C604004C76C6 /* GLUT.framework in Frameworks */,
				5928F91610F3C614004C76C6 /* OpenGL.framework in Frameworks */,
				5928F91A10F3C62A004C76C6 /* QuickTime.framework in Frameworks */,
				5928F91E10F3C632004C76C6 /* ApplicationServices.framework in Frameworks */,
			);
			runOnlyForDeploymentPostprocessing = 0;
		};
/* End PBXFrameworksBuildPhase section */

/* Begin PBXGroup section */
		08FB7794FE84155DC02AAC07 /* isightviewer */ = {
			isa = PBXGroup;
			children = (
				08FB7795FE84155DC02AAC07 /* Source */,
				1AB674ADFE9D54B511CA2CBB /* Products */,
				5928F91110F3C604004C76C6 /* GLUT.framework */,
				5928F91510F3C614004C76C6 /* OpenGL.framework */,
				5928F91910F3C62A004C76C6 /* QuickTime.framework */,
				5928F91D10F3C632004C76C6 /* ApplicationServices.framework */,
			);
			name = isightviewer;
			sourceTree = "<group>";
		};
		08FB7795FE84155DC02AAC07 /* Source */ = {
			isa = PBXGroup;
			children = (
				5928F98A10F3D57B004C76C6 /* bitmap.h */,
				5928FABE10F7C7C1004C76C6 /* bitmapops.h */,
				5928F90910F3C5B5004C76C6 /* isightviewer.cpp */,
				5928F90A10F3C5B5004C76C6 /* livefeed_osx.cpp */,
				5928F90B10F3C5B5004C76C6 /* livefeed.h */,
				5928F9FD10F3FC88004C76C6 /* opticalflow.cpp */,
				5928F9FC10F3FC75004C76C6 /* opticalflow.h */,
				5928F98B10F3D9E1004C76C6 /* peteutil.h */,
				5928F97310F3D101004C76C6 /* vect.h */,
			);
			name = Source;
			sourceTree = "<group>";
		};
		1AB674ADFE9D54B511CA2CBB /* Products */ = {
			isa = PBXGroup;
			children = (
				8DD76FB20486AB0100D96B5E /* isightviewer */,
			);
			name = Products;
			sourceTree = "<group>";
		};
/* End PBXGroup section */

/* Begin PBXNativeTarget section */
		8DD76FA90486AB0100D96B5E /* isightviewer */ = {
			isa = PBXNativeTarget;
			buildConfigurationList = 1DEB928508733DD80010E9CD /* Build configuration list for PBXNativeTarget "isightviewer" */;
			buildPhases = (
				8DD76FAB0486AB0100D96B5E /* Sources */,
				8DD76FAD0486AB0100D96B5E /* Frameworks */,
				8DD76FAF0486AB0100D96B5E /* CopyFiles */,
			);
			buildRules = (
			);
			dependencies = (
			);
			name = isightviewer;
			productInstallPath = "$(HOME)/bin";
			productName = isightviewer;
			productReference = 8DD76FB20486AB0100D96B5E /* isightviewer */;
			productType = "com.apple.product-type.tool";
		};
/* End PBXNativeTarget section */

/* Begin PBXProject section */
		08FB7793FE84155DC02AAC07 /* Project object */ = {
			isa = PBXProject;
			buildConfigurationList = 1DEB928908733DD80010E9CD /* Build configuration list for PBXProject "isightviewer" */;
			compatibilityVersion = "Xcode 3.1";
			hasScannedForEncodings = 1;
			mainGroup = 08FB7794FE84155DC02AAC07 /* isightviewer */;
			projectDirPath = "";
			projectRoot = "";
			targets = (
				8DD76FA90486AB0100D96B5E /* isightviewer */,
			);
		};
/* End PBXProject section */

/* Begin PBXSourcesBuildPhase section */
		8DD76FAB0486AB0100D96B5E /* Sources */ = {
			isa = PBXSourcesBuildPhase;
			buildActionMask = 2147483647;
			files = (
				5928F90C10F3C5B5004C76C6 /* isightviewer.cpp in Sources */,
				5928F90D10F3C5B5004C76C6 /* livefeed_osx.cpp in Sources */,
				5928F9FE10F3FC88004C76C6 /* opticalflow.cpp in Sources */,
			);
			runOnlyForDeploymentPostprocessing = 0;
		};
/* End PBXSourcesBuildPhase section */

/* Begin XCBuildConfiguration section */
		1DEB928608733DD80010E9CD /* Debug */ = {
			isa = XCBuildConfiguration;
			buildSettings = {
				ALWAYS_SEARCH_USER_PATHS = NO;
				COPY_PHASE_STRIP = NO;
				GCC_DYNAMIC_NO_PIC = NO;
				GCC_ENABLE_FIX_AND_CONTINUE = YES;
				GCC_MODEL_TUNING = G5;
				GCC_OPTIMIZATION_LEVEL = 0;
				INSTALL_PATH = /usr/local/bin;
				PRODUCT_NAME = isightviewer;
			};
			name = Debug;
		};
		1DEB928708733DD80010E9CD /* Release */ = {
			isa = XCBuildConfiguration;
			buildSettings = {
				ALWAYS_SEARCH_USER_PATHS = NO;
				DEBUG_INFORMATION_FORMAT = "dwarf-with-dsym";
				GCC_MODEL_TUNING = G5;
				INSTALL_PATH = /usr/local/bin;
				PRODUCT_NAME = isightviewer;
			};
			name = Release;
		};
		1DEB928A08733DD80010E9CD /* Debug */ = {
			isa = XCBuildConfiguration;
			buildSettings = {
				ARCHS = "$(ARCHS_STANDARD_32_BIT)";
				GCC_C_LANGUAGE_STANDARD = gnu99;
				GCC_OPTIMIZATION_LEVEL = 0;
				GCC_WARN_ABOUT_DEPRECATED_FUNCTIONS = NO;
				GCC_WARN_ABOUT_RETURN_TYPE = YES;
				GCC_WARN_UNUSED_VARIABLE = YES;
				ONLY_ACTIVE_ARCH = YES;
				PREBINDING = NO;
				SDKROOT = macosx10.6;
			};
			name = Debug;
		};
		1DEB928B08733DD80010E9CD /* Release */ = {
			isa = XCBuildConfiguration;
			buildSettings = {
				ARCHS = "$(ARCHS_STANDARD_32_BIT)";
				GCC_C_LANGUAGE_STANDARD = gnu99;
				GCC_WARN_ABOUT_DEPRECATED_FUNCTIONS = NO;
				GCC_WARN_ABOUT_RETURN_TYPE = YES;
				GCC_WARN_UNUSED_VARIABLE = YES;
				PREBINDING = NO;
				SDKROOT = macosx10.6;
			};
			name = Release;
		};
/* End XCBuildConfiguration section */

/* Begin XCConfigurationList section */
		1DEB928508733DD80010E9CD /* Build configuration list for PBXNativeTarget "isightviewer" */ = {
			isa = XCConfigurationList;
			buildConfigurations = (
				1DEB928608733DD80010E9CD /* Debug */,
				1DEB928708733DD80010E9CD /* Release */,
			);
			defaultConfigurationIsVisible = 0;
			defaultConfigurationName = Release;
		};
		1DEB928908733DD80010E9CD /* Build configuration list for PBXProject "isightviewer" */ = {
			isa = XCConfigurationList;
			buildConfigurations = (
				1DEB928A08733DD80010E9CD /* Debug */,
				1DEB928B08733DD80010E9CD /* Release */,
			);
			defaultConfigurationIsVisible = 0;
			defaultConfigurationName = Release;
		};
/* End XCConfigurationList section */
	};
	rootObject = 08FB7793FE84155DC02AAC07 /* Project object */;
}
